// !$*UTF8*$!
{
	archiveVersion = 1;
	classes = {
	};
	objectVersion = 48;
	objects = {

/* Begin PBXBuildFile section */
		071EC5691F870EF2004402CC /* AppDelegate.m in Sources */ = {isa = PBXBuildFile; fileRef = 071EC5681F870EF2004402CC /* AppDelegate.m */; };
		071EC56C1F870EF2004402CC /* ViewController.m in Sources */ = {isa = PBXBuildFile; fileRef = 071EC56B1F870EF2004402CC /* ViewController.m */; };
		071EC56F1F870EF2004402CC /* Main.storyboard in Resources */ = {isa = PBXBuildFile; fileRef = 071EC56D1F870EF2004402CC /* Main.storyboard */; };
		071EC5711F870EF2004402CC /* Assets.xcassets in Resources */ = {isa = PBXBuildFile; fileRef = 071EC5701F870EF2004402CC /* Assets.xcassets */; };
		071EC5741F870EF2004402CC /* LaunchScreen.storyboard in Resources */ = {isa = PBXBuildFile; fileRef = 071EC5721F870EF2004402CC /* LaunchScreen.storyboard */; };
		071EC5771F870EF2004402CC /* main.m in Sources */ = {isa = PBXBuildFile; fileRef = 071EC5761F870EF2004402CC /* main.m */; };
		071EC5811F870EF2004402CC /* SLClassTests.m in Sources */ = {isa = PBXBuildFile; fileRef = 071EC5801F870EF2004402CC /* SLClassTests.m */; };
		071EC58C1F870EF2004402CC /* SLClassUITests.m in Sources */ = {isa = PBXBuildFile; fileRef = 071EC58B1F870EF2004402CC /* SLClassUITests.m */; };
		071EC5E11F871F01004402CC /* HMLib.a in Frameworks */ = {isa = PBXBuildFile; fileRef = 071EC5E01F871EFD004402CC /* HMLib.a */; };
		071EC6101F872AA7004402CC /* SLFrame.framework in CopyFiles */ = {isa = PBXBuildFile; fileRef = 071EC60F1F872AA4004402CC /* SLFrame.framework */; settings = {ATTRIBUTES = (CodeSignOnCopy, RemoveHeadersOnCopy, ); }; };
		071EC6111F872AB4004402CC /* SLFrame.framework in Frameworks */ = {isa = PBXBuildFile; fileRef = 071EC60F1F872AA4004402CC /* SLFrame.framework */; };
/* End PBXBuildFile section */

/* Begin PBXContainerItemProxy section */
		071EC57D1F870EF2004402CC /* PBXContainerItemProxy */ = {
			isa = PBXContainerItemProxy;
			containerPortal = 071EC55C1F870EF2004402CC /* Project object */;
			proxyType = 1;
			remoteGlobalIDString = 071EC5631F870EF2004402CC;
			remoteInfo = SLClass;
		};
		071EC5881F870EF2004402CC /* PBXContainerItemProxy */ = {
			isa = PBXContainerItemProxy;
			containerPortal = 071EC55C1F870EF2004402CC /* Project object */;
			proxyType = 1;
			remoteGlobalIDString = 071EC5631F870EF2004402CC;
			remoteInfo = SLClass;
		};
/* End PBXContainerItemProxy section */

/* Begin PBXCopyFilesBuildPhase section */
		071EC60C1F8721AA004402CC /* CopyFiles */ = {
			isa = PBXCopyFilesBuildPhase;
			buildActionMask = 2147483647;
			dstPath = "";
			dstSubfolderSpec = 10;
			files = (
				071EC6101F872AA7004402CC /* SLFrame.framework in CopyFiles */,
			);
			runOnlyForDeploymentPostprocessing = 0;
		};
/* End PBXCopyFilesBuildPhase section */

/* Begin PBXFileReference section */
		071EC5641F870EF2004402CC /* SLClass.app */ = {isa = PBXFileReference; explicitFileType = wrapper.application; includeInIndex = 0; path = SLClass.app; sourceTree = BUILT_PRODUCTS_DIR; };
		071EC5671F870EF2004402CC /* AppDelegate.h */ = {isa = PBXFileReference; lastKnownFileType = sourcecode.c.h; path = AppDelegate.h; sourceTree = "<group>"; };
		071EC5681F870EF2004402CC /* AppDelegate.m */ = {isa = PBXFileReference; lastKnownFileType = sourcecode.c.objc; path = AppDelegate.m; sourceTree = "<group>"; };
		071EC56A1F870EF2004402CC /* ViewController.h */ = {isa = PBXFileReference; lastKnownFileType = sourcecode.c.h; path = ViewController.h; sourceTree = "<group>"; };
		071EC56B1F870EF2004402CC /* ViewController.m */ = {isa = PBXFileReference; lastKnownFileType = sourcecode.c.objc; path = ViewController.m; sourceTree = "<group>"; };
		071EC56E1F870EF2004402CC /* Base */ = {isa = PBXFileReference; lastKnownFileType = file.storyboard; name = Base; path = Base.lproj/Main.storyboard; sourceTree = "<group>"; };
		071EC5701F870EF2004402CC /* Assets.xcassets */ = {isa = PBXFileReference; lastKnownFileType = folder.assetcatalog; path = Assets.xcassets; sourceTree = "<group>"; };
		071EC5731F870EF2004402CC /* Base */ = {isa = PBXFileReference; lastKnownFileType = file.storyboard; name = Base; path = Base.lproj/LaunchScreen.storyboard; sourceTree = "<group>"; };
		071EC5751F870EF2004402CC /* Info.plist */ = {isa = PBXFileReference; lastKnownFileType = text.plist.xml; path = Info.plist; sourceTree = "<group>"; };
		071EC5761F870EF2004402CC /* main.m */ = {isa = PBXFileReference; lastKnownFileType = sourcecode.c.objc; path = main.m; sourceTree = "<group>"; };
		071EC57C1F870EF2004402CC /* SLClassTests.xctest */ = {isa = PBXFileReference; explicitFileType = wrapper.cfbundle; includeInIndex = 0; path = SLClassTests.xctest; sourceTree = BUILT_PRODUCTS_DIR; };
		071EC5801F870EF2004402CC /* SLClassTests.m */ = {isa = PBXFileReference; lastKnownFileType = sourcecode.c.objc; path = SLClassTests.m; sourceTree = "<group>"; };
		071EC5821F870EF2004402CC /* Info.plist */ = {isa = PBXFileReference; lastKnownFileType = text.plist.xml; path = Info.plist; sourceTree = "<group>"; };
		071EC5871F870EF2004402CC /* SLClassUITests.xctest */ = {isa = PBXFileReference; explicitFileType = wrapper.cfbundle; includeInIndex = 0; path = SLClassUITests.xctest; sourceTree = BUILT_PRODUCTS_DIR; };
		071EC58B1F870EF2004402CC /* SLClassUITests.m */ = {isa = PBXFileReference; lastKnownFileType = sourcecode.c.objc; path = SLClassUITests.m; sourceTree = "<group>"; };
		071EC58D1F870EF2004402CC /* Info.plist */ = {isa = PBXFileReference; lastKnownFileType = text.plist.xml; path = Info.plist; sourceTree = "<group>"; };
		071EC5DB1F871DDB004402CC /* SLLib.h */ = {isa = PBXFileReference; lastKnownFileType = sourcecode.c.h; path = SLLib.h; sourceTree = "<group>"; };
		071EC5E01F871EFD004402CC /* HMLib.a */ = {isa = PBXFileReference; lastKnownFileType = archive.ar; path = HMLib.a; sourceTree = "<group>"; };
		071EC60F1F872AA4004402CC /* SLFrame.framework */ = {isa = PBXFileReference; lastKnownFileType = wrapper.framework; path = SLFrame.framework; sourceTree = "<group>"; };
/* End PBXFileReference section */

/* Begin PBXFrameworksBuildPhase section */
		071EC5611F870EF2004402CC /* Frameworks */ = {
			isa = PBXFrameworksBuildPhase;
			buildActionMask = 2147483647;
			files = (
				071EC5E11F871F01004402CC /* HMLib.a in Frameworks */,
				071EC6111F872AB4004402CC /* SLFrame.framework in Frameworks */,
			);
			runOnlyForDeploymentPostprocessing = 0;
		};
		071EC5791F870EF2004402CC /* Frameworks */ = {
			isa = PBXFrameworksBuildPhase;
			buildActionMask = 2147483647;
			files = (
			);
			runOnlyForDeploymentPostprocessing = 0;
		};
		071EC5841F870EF2004402CC /* Frameworks */ = {
			isa = PBXFrameworksBuildPhase;
			buildActionMask = 2147483647;
			files = (
			);
			runOnlyForDeploymentPostprocessing = 0;
		};
/* End PBXFrameworksBuildPhase section */

/* Begin PBXGroup section */
		071EC55B1F870EF2004402CC = {
			isa = PBXGroup;
			children = (
				071EC5661F870EF2004402CC /* SLClass */,
				071EC57F1F870EF2004402CC /* SLClassTests */,
				071EC58A1F870EF2004402CC /* SLClassUITests */,
				071EC5651F870EF2004402CC /* Products */,
				071EC5D51F871D61004402CC /* Frameworks */,
			);
			sourceTree = "<group>";
		};
		071EC5651F870EF2004402CC /* Products */ = {
			isa = PBXGroup;
			children = (
				071EC5641F870EF2004402CC /* SLClass.app */,
				071EC57C1F870EF2004402CC /* SLClassTests.xctest */,
				071EC5871F870EF2004402CC /* SLClassUITests.xctest */,
			);
			name = Products;
			sourceTree = "<group>";
		};
		071EC5661F870EF2004402CC /* SLClass */ = {
			isa = PBXGroup;
			children = (
				071EC60F1F872AA4004402CC /* SLFrame.framework */,
				071EC5E01F871EFD004402CC /* HMLib.a */,
				071EC5DA1F871DDB004402CC /* include */,
				071EC5671F870EF2004402CC /* AppDelegate.h */,
				071EC5681F870EF2004402CC /* AppDelegate.m */,
				071EC56A1F870EF2004402CC /* ViewController.h */,
				071EC56B1F870EF2004402CC /* ViewController.m */,
				071EC56D1F870EF2004402CC /* Main.storyboard */,
				071EC5701F870EF2004402CC /* Assets.xcassets */,
				071EC5721F870EF2004402CC /* LaunchScreen.storyboard */,
				071EC5751F870EF2004402CC /* Info.plist */,
				071EC5761F870EF2004402CC /* main.m */,
			);
			path = SLClass;
			sourceTree = "<group>";
		};
		071EC57F1F870EF2004402CC /* SLClassTests */ = {
			isa = PBXGroup;
			children = (
				071EC5801F870EF2004402CC /* SLClassTests.m */,
				071EC5821F870EF2004402CC /* Info.plist */,
			);
			path = SLClassTests;
			sourceTree = "<group>";
		};
		071EC58A1F870EF2004402CC /* SLClassUITests */ = {
			isa = PBXGroup;
			children = (
				071EC58B1F870EF2004402CC /* SLClassUITests.m */,
				071EC58D1F870EF2004402CC /* Info.plist */,
			);
			path = SLClassUITests;
			sourceTree = "<group>";
		};
		071EC5D51F871D61004402CC /* Frameworks */ = {
			isa = PBXGroup;
			children = (
			);
			name = Frameworks;
			sourceTree = "<group>";
		};
		071EC5DA1F871DDB004402CC /* include */ = {
			isa = PBXGroup;
			children = (
				071EC5DB1F871DDB004402CC /* SLLib.h */,
			);
			path = include;
			sourceTree = "<group>";
		};
/* End PBXGroup section */

/* Begin PBXNativeTarget section */
		071EC5631F870EF2004402CC /* SLClass */ = {
			isa = PBXNativeTarget;
			buildConfigurationList = 071EC5901F870EF2004402CC /* Build configuration list for PBXNativeTarget "SLClass" */;
			buildPhases = (
				071EC5601F870EF2004402CC /* Sources */,
				071EC5611F870EF2004402CC /* Frameworks */,
				071EC5621F870EF2004402CC /* Resources */,
				071EC60C1F8721AA004402CC /* CopyFiles */,
			);
			buildRules = (
			);
			dependencies = (
			);
			name = SLClass;
			productName = SLClass;
			productReference = 071EC5641F870EF2004402CC /* SLClass.app */;
			productType = "com.apple.product-type.application";
		};
		071EC57B1F870EF2004402CC /* SLClassTests */ = {
			isa = PBXNativeTarget;
			buildConfigurationList = 071EC5931F870EF2004402CC /* Build configuration list for PBXNativeTarget "SLClassTests" */;
			buildPhases = (
				071EC5781F870EF2004402CC /* Sources */,
				071EC5791F870EF2004402CC /* Frameworks */,
				071EC57A1F870EF2004402CC /* Resources */,
			);
			buildRules = (
			);
			dependencies = (
				071EC57E1F870EF2004402CC /* PBXTargetDependency */,
			);
			name = SLClassTests;
			productName = SLClassTests;
			productReference = 071EC57C1F870EF2004402CC /* SLClassTests.xctest */;
			productType = "com.apple.product-type.bundle.unit-test";
		};
		071EC5861F870EF2004402CC /* SLClassUITests */ = {
			isa = PBXNativeTarget;
			buildConfigurationList = 071EC5961F870EF2004402CC /* Build configuration list for PBXNativeTarget "SLClassUITests" */;
			buildPhases = (
				071EC5831F870EF2004402CC /* Sources */,
				071EC5841F870EF2004402CC /* Frameworks */,
				071EC5851F870EF2004402CC /* Resources */,
			);
			buildRules = (
			);
			dependencies = (
				071EC5891F870EF2004402CC /* PBXTargetDependency */,
			);
			name = SLClassUITests;
			productName = SLClassUITests;
			productReference = 071EC5871F870EF2004402CC /* SLClassUITests.xctest */;
			productType = "com.apple.product-type.bundle.ui-testing";
		};
/* End PBXNativeTarget section */

/* Begin PBXProject section */
		071EC55C1F870EF2004402CC /* Project object */ = {
			isa = PBXProject;
			attributes = {
				LastUpgradeCheck = 0900;
				ORGANIZATIONNAME = songlin;
				TargetAttributes = {
					071EC5631F870EF2004402CC = {
						CreatedOnToolsVersion = 9.0;
						ProvisioningStyle = Automatic;
					};
					071EC57B1F870EF2004402CC = {
						CreatedOnToolsVersion = 9.0;
						ProvisioningStyle = Automatic;
						TestTargetID = 071EC5631F870EF2004402CC;
					};
					071EC5861F870EF2004402CC = {
						CreatedOnToolsVersion = 9.0;
						ProvisioningStyle = Automatic;
						TestTargetID = 071EC5631F870EF2004402CC;
					};
				};
			};
			buildConfigurationList = 071EC55F1F870EF2004402CC /* Build configuration list for PBXProject "SLClass" */;
			compatibilityVersion = "Xcode 8.0";
			developmentRegion = en;
			hasScannedForEncodings = 0;
			knownRegions = (
				en,
				Base,
			);
			mainGroup = 071EC55B1F870EF2004402CC;
			productRefGroup = 071EC5651F870EF2004402CC /* Products */;
			projectDirPath = "";
			projectRoot = "";
			targets = (
				071EC5631F870EF2004402CC /* SLClass */,
				071EC57B1F870EF2004402CC /* SLClassTests */,
				071EC5861F870EF2004402CC /* SLClassUITests */,
			);
		};
/* End PBXProject section */

/* Begin PBXResourcesBuildPhase section */
		071EC5621F870EF2004402CC /* Resources */ = {
			isa = PBXResourcesBuildPhase;
			buildActionMask = 2147483647;
			files = (
				071EC5741F870EF2004402CC /* LaunchScreen.storyboard in Resources */,
				071EC5711F870EF2004402CC /* Assets.xcassets in Resources */,
				071EC56F1F870EF2004402CC /* Main.storyboard in Resources */,
			);
			runOnlyForDeploymentPostprocessing = 0;
		};
		071EC57A1F870EF2004402CC /* Resources */ = {
			isa = PBXResourcesBuildPhase;
			buildActionMask = 2147483647;
			files = (
			);
			runOnlyForDeploymentPostprocessing = 0;
		};
		071EC5851F870EF2004402CC /* Resources */ = {
			isa = PBXResourcesBuildPhase;
			buildActionMask = 2147483647;
			files = (
			);
			runOnlyForDeploymentPostprocessing = 0;
		};
/* End PBXResourcesBuildPhase section */

/* Begin PBXSourcesBuildPhase section */
		071EC5601F870EF2004402CC /* Sources */ = {
			isa = PBXSourcesBuildPhase;
			buildActionMask = 2147483647;
			files = (
				071EC56C1F870EF2004402CC /* ViewController.m in Sources */,
				071EC5771F870EF2004402CC /* main.m in Sources */,
				071EC5691F870EF2004402CC /* AppDelegate.m in Sources */,
			);
			runOnlyForDeploymentPostprocessing = 0;
		};
		071EC5781F870EF2004402CC /* Sources */ = {
			isa = PBXSourcesBuildPhase;
			buildActionMask = 2147483647;
			files = (
				071EC5811F870EF2004402CC /* SLClassTests.m in Sources */,
			);
			runOnlyForDeploymentPostprocessing = 0;
		};
		071EC5831F870EF2004402CC /* Sources */ = {
			isa = PBXSourcesBuildPhase;
			buildActionMask = 2147483647;
			files = (
				071EC58C1F870EF2004402CC /* SLClassUITests.m in Sources */,
			);
			runOnlyForDeploymentPostprocessing = 0;
		};
/* End PBXSourcesBuildPhase section */

/* Begin PBXTargetDependency section */
		071EC57E1F870EF2004402CC /* PBXTargetDependency */ = {
			isa = PBXTargetDependency;
			target = 071EC5631F870EF2004402CC /* SLClass */;
			targetProxy = 071EC57D1F870EF2004402CC /* PBXContainerItemProxy */;
		};
		071EC5891F870EF2004402CC /* PBXTargetDependency */ = {
			isa = PBXTargetDependency;
			target = 071EC5631F870EF2004402CC /* SLClass */;
			targetProxy = 071EC5881F870EF2004402CC /* PBXContainerItemProxy */;
		};
/* End PBXTargetDependency section */

/* Begin PBXVariantGroup section */
		071EC56D1F870EF2004402CC /* Main.storyboard */ = {
			isa = PBXVariantGroup;
			children = (
				071EC56E1F870EF2004402CC /* Base */,
			);
			name = Main.storyboard;
			sourceTree = "<group>";
		};
		071EC5721F870EF2004402CC /* LaunchScreen.storyboard */ = {
			isa = PBXVariantGroup;
			children = (
				071EC5731F870EF2004402CC /* Base */,
			);
			name = LaunchScreen.storyboard;
			sourceTree = "<group>";
		};
/* End PBXVariantGroup section */

/* Begin XCBuildConfiguration section */
		071EC58E1F870EF2004402CC /* Debug */ = {
			isa = XCBuildConfiguration;
			buildSettings = {
				ALWAYS_SEARCH_USER_PATHS = NO;
				CLANG_ANALYZER_NONNULL = YES;
				CLANG_ANALYZER_NUMBER_OBJECT_CONVERSION = YES_AGGRESSIVE;
				CLANG_CXX_LANGUAGE_STANDARD = "gnu++14";
				CLANG_CXX_LIBRARY = "libc++";
				CLANG_ENABLE_MODULES = YES;
				CLANG_ENABLE_OBJC_ARC = YES;
				CLANG_WARN_BLOCK_CAPTURE_AUTORELEASING = YES;
				CLANG_WARN_BOOL_CONVERSION = YES;
				CLANG_WARN_COMMA = YES;
				CLANG_WARN_CONSTANT_CONVERSION = YES;
				CLANG_WARN_DIRECT_OBJC_ISA_USAGE = YES_ERROR;
				CLANG_WARN_DOCUMENTATION_COMMENTS = YES;
				CLANG_WARN_EMPTY_BODY = YES;
				CLANG_WARN_ENUM_CONVERSION = YES;
				CLANG_WARN_INFINITE_RECURSION = YES;
				CLANG_WARN_INT_CONVERSION = YES;
				CLANG_WARN_NON_LITERAL_NULL_CONVERSION = YES;
				CLANG_WARN_OBJC_LITERAL_CONVERSION = YES;
				CLANG_WARN_OBJC_ROOT_CLASS = YES_ERROR;
				CLANG_WARN_RANGE_LOOP_ANALYSIS = YES;
				CLANG_WARN_STRICT_PROTOTYPES = YES;
				CLANG_WARN_SUSPICIOUS_MOVE = YES;
				CLANG_WARN_UNGUARDED_AVAILABILITY = YES_AGGRESSIVE;
				CLANG_WARN_UNREACHABLE_CODE = YES;
				CLANG_WARN__DUPLICATE_METHOD_MATCH = YES;
				CODE_SIGN_IDENTITY = "iPhone Developer";
				COPY_PHASE_STRIP = NO;
				DEBUG_INFORMATION_FORMAT = dwarf;
				ENABLE_STRICT_OBJC_MSGSEND = YES;
				ENABLE_TESTABILITY = YES;
				GCC_C_LANGUAGE_STANDARD = gnu11;
				GCC_DYNAMIC_NO_PIC = NO;
				GCC_NO_COMMON_BLOCKS = YES;
				GCC_OPTIMIZATION_LEVEL = 0;
				GCC_PREPROCESSOR_DEFINITIONS = (
					"DEBUG=1",
					"$(inherited)",
				);
				GCC_WARN_64_TO_32_BIT_CONVERSION = YES;
				GCC_WARN_ABOUT_RETURN_TYPE = YES_ERROR;
				GCC_WARN_UNDECLARED_SELECTOR = YES;
				GCC_WARN_UNINITIALIZED_AUTOS = YES_AGGRESSIVE;
				GCC_WARN_UNUSED_FUNCTION = YES;
				GCC_WARN_UNUSED_VARIABLE = YES;
				IPHONEOS_DEPLOYMENT_TARGET = 10.0;
				MTL_ENABLE_DEBUG_INFO = YES;
				ONLY_ACTIVE_ARCH = YES;
				SDKROOT = iphoneos;
			};
			name = Debug;
		};
		071EC58F1F870EF2004402CC /* Release */ = {
			isa = XCBuildConfiguration;
			buildSettings = {
				ALWAYS_SEARCH_USER_PATHS = NO;
				CLANG_ANALYZER_NONNULL = YES;
				CLANG_ANALYZER_NUMBER_OBJECT_CONVERSION = YES_AGGRESSIVE;
				CLANG_CXX_LANGUAGE_STANDARD = "gnu++14";
				CLANG_CXX_LIBRARY = "libc++";
				CLANG_ENABLE_MODULES = YES;
				CLANG_ENABLE_OBJC_ARC = YES;
				CLANG_WARN_BLOCK_CAPTURE_AUTORELEASING = YES;
				CLANG_WARN_BOOL_CONVERSION = YES;
				CLANG_WARN_COMMA = YES;
				CLANG_WARN_CONSTANT_CONVERSION = YES;
				CLANG_WARN_DIRECT_OBJC_ISA_USAGE = YES_ERROR;
				CLANG_WARN_DOCUMENTATION_COMMENTS = YES;
				CLANG_WARN_EMPTY_BODY = YES;
				CLANG_WARN_ENUM_CONVERSION = YES;
				CLANG_WARN_INFINITE_RECURSION = YES;
				CLANG_WARN_INT_CONVERSION = YES;
				CLANG_WARN_NON_LITERAL_NULL_CONVERSION = YES;
				CLANG_WARN_OBJC_LITERAL_CONVERSION = YES;
				CLANG_WARN_OBJC_ROOT_CLASS = YES_ERROR;
				CLANG_WARN_RANGE_LOOP_ANALYSIS = YES;
				CLANG_WARN_STRICT_PROTOTYPES = YES;
				CLANG_WARN_SUSPICIOUS_MOVE = YES;
				CLANG_WARN_UNGUARDED_AVAILABILITY = YES_AGGRESSIVE;
				CLANG_WARN_UNREACHABLE_CODE = YES;
				CLANG_WARN__DUPLICATE_METHOD_MATCH = YES;
				CODE_SIGN_IDENTITY = "iPhone Developer";
				COPY_PHASE_STRIP = NO;
				DEBUG_INFORMATION_FORMAT = "dwarf-with-dsym";
				ENABLE_NS_ASSERTIONS = NO;
				ENABLE_STRICT_OBJC_MSGSEND = YES;
				GCC_C_LANGUAGE_STANDARD = gnu11;
				GCC_NO_COMMON_BLOCKS = YES;
				GCC_WARN_64_TO_32_BIT_CONVERSION = YES;
				GCC_WARN_ABOUT_RETURN_TYPE = YES_ERROR;
				GCC_WARN_UNDECLARED_SELECTOR = YES;
				GCC_WARN_UNINITIALIZED_AUTOS = YES_AGGRESSIVE;
				GCC_WARN_UNUSED_FUNCTION = YES;
				GCC_WARN_UNUSED_VARIABLE = YES;
				IPHONEOS_DEPLOYMENT_TARGET = 10.0;
				MTL_ENABLE_DEBUG_INFO = NO;
				SDKROOT = iphoneos;
				VALIDATE_PRODUCT = YES;
			};
			name = Release;
		};
		071EC5911F870EF2004402CC /* Debug */ = {
			isa = XCBuildConfiguration;
			buildSettings = {
				ASSETCATALOG_COMPILER_APPICON_NAME = AppIcon;
				CODE_SIGN_STYLE = Automatic;
				DEVELOPMENT_TEAM = P5B7HFUY5Z;
				FRAMEWORK_SEARCH_PATHS = (
					"$(inherited)",
					"$(PROJECT_DIR)",
					"$(PROJECT_DIR)/SLClass",
				);
				INFOPLIST_FILE = SLClass/Info.plist;
				LD_RUNPATH_SEARCH_PATHS = "$(inherited) @executable_path/Frameworks";
				LIBRARY_SEARCH_PATHS = (
					"$(inherited)",
					"$(PROJECT_DIR)/SLClass",
				);
				ONLY_ACTIVE_ARCH = YES;
				PRODUCT_BUNDLE_IDENTIFIER = com.songlin.SLClass;
				PRODUCT_NAME = "$(TARGET_NAME)";
				TARGETED_DEVICE_FAMILY = "1,2";
			};
			name = Debug;
		};
		071EC5921F870EF2004402CC /* Release */ = {
			isa = XCBuildConfiguration;
			buildSettings = {
				ASSETCATALOG_COMPILER_APPICON_NAME = AppIcon;
				CODE_SIGN_STYLE = Automatic;
				DEVELOPMENT_TEAM = P5B7HFUY5Z;
				FRAMEWORK_SEARCH_PATHS = (
					"$(inherited)",
					"$(PROJECT_DIR)",
					"$(PROJECT_DIR)/SLClass",
				);
				INFOPLIST_FILE = SLClass/Info.plist;
				LD_RUNPATH_SEARCH_PATHS = "$(inherited) @executable_path/Frameworks";
				LIBRARY_SEARCH_PATHS = (
					"$(inherited)",
					"$(PROJECT_DIR)/SLClass",
				);
				ONLY_ACTIVE_ARCH = YES;
				PRODUCT_BUNDLE_IDENTIFIER = com.songlin.SLClass;
				PRODUCT_NAME = "$(TARGET_NAME)";
				TARGETED_DEVICE_FAMILY = "1,2";
			};
			name = Release;
		};
		071EC5941F870EF2004402CC /* Debug */ = {
			isa = XCBuildConfiguration;
			buildSettings = {
				BUNDLE_LOADER = "$(TEST_HOST)";
				CODE_SIGN_STYLE = Automatic;
				DEVELOPMENT_TEAM = P5B7HFUY5Z;
				INFOPLIST_FILE = SLClassTests/Info.plist;
				LD_RUNPATH_SEARCH_PATHS = "$(inherited) @executable_path/Frameworks @loader_path/Frameworks";
				PRODUCT_BUNDLE_IDENTIFIER = com.songlin.SLClassTests;
				PRODUCT_NAME = "$(TARGET_NAME)";
				TARGETED_DEVICE_FAMILY = "1,2";
				TEST_HOST = "$(BUILT_PRODUCTS_DIR)/SLClass.app/SLClass";
			};
			name = Debug;
		};
		071EC5951F870EF2004402CC /* Release */ = {
			isa = XCBuildConfiguration;
			buildSettings = {
				BUNDLE_LOADER = "$(TEST_HOST)";
				CODE_SIGN_STYLE = Automatic;
				DEVELOPMENT_TEAM = P5B7HFUY5Z;
				INFOPLIST_FILE = SLClassTests/Info.plist;
				LD_RUNPATH_SEARCH_PATHS = "$(inherited) @executable_path/Frameworks @loader_path/Frameworks";
				PRODUCT_BUNDLE_IDENTIFIER = com.songlin.SLClassTests;
				PRODUCT_NAME = "$(TARGET_NAME)";
				TARGETED_DEVICE_FAMILY = "1,2";
				TEST_HOST = "$(BUILT_PRODUCTS_DIR)/SLClass.app/SLClass";
			};
			name = Release;
		};
		071EC5971F870EF2004402CC /* Debug */ = {
			isa = XCBuildConfiguration;
			buildSettings = {
				CODE_SIGN_STYLE = Automatic;
				DEVELOPMENT_TEAM = P5B7HFUY5Z;
				INFOPLIST_FILE = SLClassUITests/Info.plist;
				LD_RUNPATH_SEARCH_PATHS = "$(inherited) @executable_path/Frameworks @loader_path/Frameworks";
				PRODUCT_BUNDLE_IDENTIFIER = com.songlin.SLClassUITests;
				PRODUCT_NAME = "$(TARGET_NAME)";
				TARGETED_DEVICE_FAMILY = "1,2";
				TEST_TARGET_NAME = SLClass;
			};
			name = Debug;
		};
		071EC5981F870EF2004402CC /* Release */ = {
			isa = XCBuildConfiguration;
			buildSettings = {
				CODE_SIGN_STYLE = Automatic;
				DEVELOPMENT_TEAM = P5B7HFUY5Z;
				INFOPLIST_FILE = SLClassUITests/Info.plist;
				LD_RUNPATH_SEARCH_PATHS = "$(inherited) @executable_path/Frameworks @loader_path/Frameworks";
				PRODUCT_BUNDLE_IDENTIFIER = com.songlin.SLClassUITests;
				PRODUCT_NAME = "$(TARGET_NAME)";
				TARGETED_DEVICE_FAMILY = "1,2";
				TEST_TARGET_NAME = SLClass;
			};
			name = Release;
		};
/* End XCBuildConfiguration section */

/* Begin XCConfigurationList section */
		071EC55F1F870EF2004402CC /* Build configuration list for PBXProject "SLClass" */ = {
			isa = XCConfigurationList;
			buildConfigurations = (
				071EC58E1F870EF2004402CC /* Debug */,
				071EC58F1F870EF2004402CC /* Release */,
			);
			defaultConfigurationIsVisible = 0;
			defaultConfigurationName = Release;
		};
		071EC5901F870EF2004402CC /* Build configuration list for PBXNativeTarget "SLClass" */ = {
			isa = XCConfigurationList;
			buildConfigurations = (
				071EC5911F870EF2004402CC /* Debug */,
				071EC5921F870EF2004402CC /* Release */,
			);
			defaultConfigurationIsVisible = 0;
			defaultConfigurationName = Release;
		};
		071EC5931F870EF2004402CC /* Build configuration list for PBXNativeTarget "SLClassTests" */ = {
			isa = XCConfigurationList;
			buildConfigurations = (
				071EC5941F870EF2004402CC /* Debug */,
				071EC5951F870EF2004402CC /* Release */,
			);
			defaultConfigurationIsVisible = 0;
			defaultConfigurationName = Release;
		};
		071EC5961F870EF2004402CC /* Build configuration list for PBXNativeTarget "SLClassUITests" */ = {
			isa = XCConfigurationList;
			buildConfigurations = (
				071EC5971F870EF2004402CC /* Debug */,
				071EC5981F870EF2004402CC /* Release */,
			);
			defaultConfigurationIsVisible = 0;
			defaultConfigurationName = Release;
		};
/* End XCConfigurationList section */
	};
	rootObject = 071EC55C1F870EF2004402CC /* Project object */;
}
